# THIS IS AN AUTOGENERATED FILE. DO NOT EDIT THIS FILE DIRECTLY.
# yarn lockfile v1


"@firebase/firestore-types@^1.10.1":
  version "1.10.1"
  resolved "https://registry.yarnpkg.com/@firebase/firestore-types/-/firestore-types-1.10.1.tgz#bf018f9c495f470592de745389474dc1c2960d3f"
  integrity sha512-vyKdm+AYUFT8XeUX62IOqaqPFCs/mAMoSEsqIz9HnSVsqCw/IocNjtjSa+3M80kRw4V8fI7JI+Xz6Wg5VJXLqA==
